// !$*UTF8*$!
{
	archiveVersion = 1;
	classes = {
	};
	objectVersion = 48;
	objects = {

/* Begin PBXBuildFile section */
		576749D81F265B4300306B35 /* AppDelegate.swift in Sources */ = {isa = PBXBuildFile; fileRef = 576749D71F265B4300306B35 /* AppDelegate.swift */; };
		576749DA1F265B4300306B35 /* ViewController.swift in Sources */ = {isa = PBXBuildFile; fileRef = 576749D91F265B4300306B35 /* ViewController.swift */; };
		576749DD1F265B4300306B35 /* Main.storyboard in Resources */ = {isa = PBXBuildFile; fileRef = 576749DB1F265B4300306B35 /* Main.storyboard */; };
		576749DF1F265B4300306B35 /* Assets.xcassets in Resources */ = {isa = PBXBuildFile; fileRef = 576749DE1F265B4300306B35 /* Assets.xcassets */; };
		576749E21F265B4300306B35 /* LaunchScreen.storyboard in Resources */ = {isa = PBXBuildFile; fileRef = 576749E01F265B4300306B35 /* LaunchScreen.storyboard */; };
		576749ED1F265B4300306B35 /* Repo1TestTests.swift in Sources */ = {isa = PBXBuildFile; fileRef = 576749EC1F265B4300306B35 /* Repo1TestTests.swift */; };
		576749F81F265B4300306B35 /* Repo1TestUITests.swift in Sources */ = {isa = PBXBuildFile; fileRef = 576749F71F265B4300306B35 /* Repo1TestUITests.swift */; };
/* End PBXBuildFile section */

/* Begin PBXContainerItemProxy section */
		576749E91F265B4300306B35 /* PBXContainerItemProxy */ = {
			isa = PBXContainerItemProxy;
			containerPortal = 576749CC1F265B4300306B35 /* Project object */;
			proxyType = 1;
			remoteGlobalIDString = 576749D31F265B4300306B35;
			remoteInfo = Repo1Test;
		};
		576749F41F265B4300306B35 /* PBXContainerItemProxy */ = {
			isa = PBXContainerItemProxy;
			containerPortal = 576749CC1F265B4300306B35 /* Project object */;
			proxyType = 1;
			remoteGlobalIDString = 576749D31F265B4300306B35;
			remoteInfo = Repo1Test;
		};
/* End PBXContainerItemProxy section */

/* Begin PBXFileReference section */
		576749D41F265B4300306B35 /* Repo1Test.app */ = {isa = PBXFileReference; explicitFileType = wrapper.application; includeInIndex = 0; path = Repo1Test.app; sourceTree = BUILT_PRODUCTS_DIR; };
		576749D71F265B4300306B35 /* AppDelegate.swift */ = {isa = PBXFileReference; lastKnownFileType = sourcecode.swift; path = AppDelegate.swift; sourceTree = "<group>"; };
		576749D91F265B4300306B35 /* ViewController.swift */ = {isa = PBXFileReference; lastKnownFileType = sourcecode.swift; path = ViewController.swift; sourceTree = "<group>"; };
		576749DC1F265B4300306B35 /* Base */ = {isa = PBXFileReference; lastKnownFileType = file.storyboard; name = Base; path = Base.lproj/Main.storyboard; sourceTree = "<group>"; };
		576749DE1F265B4300306B35 /* Assets.xcassets */ = {isa = PBXFileReference; lastKnownFileType = folder.assetcatalog; path = Assets.xcassets; sourceTree = "<group>"; };
		576749E11F265B4300306B35 /* Base */ = {isa = PBXFileReference; lastKnownFileType = file.storyboard; name = Base; path = Base.lproj/LaunchScreen.storyboard; sourceTree = "<group>"; };
		576749E31F265B4300306B35 /* Info.plist */ = {isa = PBXFileReference; lastKnownFileType = text.plist.xml; path = Info.plist; sourceTree = "<group>"; };
		576749E81F265B4300306B35 /* Repo1TestTests.xctest */ = {isa = PBXFileReference; explicitFileType = wrapper.cfbundle; includeInIndex = 0; path = Repo1TestTests.xctest; sourceTree = BUILT_PRODUCTS_DIR; };
		576749EC1F265B4300306B35 /* Repo1TestTests.swift */ = {isa = PBXFileReference; lastKnownFileType = sourcecode.swift; path = Repo1TestTests.swift; sourceTree = "<group>"; };
		576749EE1F265B4300306B35 /* Info.plist */ = {isa = PBXFileReference; lastKnownFileType = text.plist.xml; path = Info.plist; sourceTree = "<group>"; };
		576749F31F265B4300306B35 /* Repo1TestUITests.xctest */ = {isa = PBXFileReference; explicitFileType = wrapper.cfbundle; includeInIndex = 0; path = Repo1TestUITests.xctest; sourceTree = BUILT_PRODUCTS_DIR; };
		576749F71F265B4300306B35 /* Repo1TestUITests.swift */ = {isa = PBXFileReference; lastKnownFileType = sourcecode.swift; path = Repo1TestUITests.swift; sourceTree = "<group>"; };
		576749F91F265B4300306B35 /* Info.plist */ = {isa = PBXFileReference; lastKnownFileType = text.plist.xml; path = Info.plist; sourceTree = "<group>"; };
/* End PBXFileReference section */

/* Begin PBXFrameworksBuildPhase section */
		576749D11F265B4300306B35 /* Frameworks */ = {
			isa = PBXFrameworksBuildPhase;
			buildActionMask = 2147483647;
			files = (
			);
			runOnlyForDeploymentPostprocessing = 0;
		};
		576749E51F265B4300306B35 /* Frameworks */ = {
			isa = PBXFrameworksBuildPhase;
			buildActionMask = 2147483647;
			files = (
			);
			runOnlyForDeploymentPostprocessing = 0;
		};
		576749F01F265B4300306B35 /* Frameworks */ = {
			isa = PBXFrameworksBuildPhase;
			buildActionMask = 2147483647;
			files = (
			);
			runOnlyForDeploymentPostprocessing = 0;
		};
/* End PBXFrameworksBuildPhase section */

/* Begin PBXGroup section */
		576749CB1F265B4300306B35 = {
			isa = PBXGroup;
			children = (
				576749D61F265B4300306B35 /* Repo1Test */,
				576749EB1F265B4300306B35 /* Repo1TestTests */,
				576749F61F265B4300306B35 /* Repo1TestUITests */,
				576749D51F265B4300306B35 /* Products */,
			);
			sourceTree = "<group>";
		};
		576749D51F265B4300306B35 /* Products */ = {
			isa = PBXGroup;
			children = (
				576749D41F265B4300306B35 /* Repo1Test.app */,
				576749E81F265B4300306B35 /* Repo1TestTests.xctest */,
				576749F31F265B4300306B35 /* Repo1TestUITests.xctest */,
			);
			name = Products;
			sourceTree = "<group>";
		};
		576749D61F265B4300306B35 /* Repo1Test */ = {
			isa = PBXGroup;
			children = (
				576749D71F265B4300306B35 /* AppDelegate.swift */,
				576749D91F265B4300306B35 /* ViewController.swift */,
				576749DB1F265B4300306B35 /* Main.storyboard */,
				576749DE1F265B4300306B35 /* Assets.xcassets */,
				576749E01F265B4300306B35 /* LaunchScreen.storyboard */,
				576749E31F265B4300306B35 /* Info.plist */,
			);
			path = Repo1Test;
			sourceTree = "<group>";
		};
		576749EB1F265B4300306B35 /* Repo1TestTests */ = {
			isa = PBXGroup;
			children = (
				576749EC1F265B4300306B35 /* Repo1TestTests.swift */,
				576749EE1F265B4300306B35 /* Info.plist */,
			);
			path = Repo1TestTests;
			sourceTree = "<group>";
		};
		576749F61F265B4300306B35 /* Repo1TestUITests */ = {
			isa = PBXGroup;
			children = (
				576749F71F265B4300306B35 /* Repo1TestUITests.swift */,
				576749F91F265B4300306B35 /* Info.plist */,
			);
			path = Repo1TestUITests;
			sourceTree = "<group>";
		};
/* End PBXGroup section */

/* Begin PBXNativeTarget section */
		576749D31F265B4300306B35 /* Repo1Test */ = {
			isa = PBXNativeTarget;
			buildConfigurationList = 576749FC1F265B4300306B35 /* Build configuration list for PBXNativeTarget "Repo1Test" */;
			buildPhases = (
				576749D01F265B4300306B35 /* Sources */,
				576749D11F265B4300306B35 /* Frameworks */,
				576749D21F265B4300306B35 /* Resources */,
			);
			buildRules = (
			);
			dependencies = (
			);
			name = Repo1Test;
			productName = Repo1Test;
			productReference = 576749D41F265B4300306B35 /* Repo1Test.app */;
			productType = "com.apple.product-type.application";
		};
		576749E71F265B4300306B35 /* Repo1TestTests */ = {
			isa = PBXNativeTarget;
			buildConfigurationList = 576749FF1F265B4300306B35 /* Build configuration list for PBXNativeTarget "Repo1TestTests" */;
			buildPhases = (
				576749E41F265B4300306B35 /* Sources */,
				576749E51F265B4300306B35 /* Frameworks */,
				576749E61F265B4300306B35 /* Resources */,
			);
			buildRules = (
			);
			dependencies = (
				576749EA1F265B4300306B35 /* PBXTargetDependency */,
			);
			name = Repo1TestTests;
			productName = Repo1TestTests;
			productReference = 576749E81F265B4300306B35 /* Repo1TestTests.xctest */;
			productType = "com.apple.product-type.bundle.unit-test";
		};
		576749F21F265B4300306B35 /* Repo1TestUITests */ = {
			isa = PBXNativeTarget;
			buildConfigurationList = 57674A021F265B4300306B35 /* Build configuration list for PBXNativeTarget "Repo1TestUITests" */;
			buildPhases = (
				576749EF1F265B4300306B35 /* Sources */,
				576749F01F265B4300306B35 /* Frameworks */,
				576749F11F265B4300306B35 /* Resources */,
			);
			buildRules = (
			);
			dependencies = (
				576749F51F265B4300306B35 /* PBXTargetDependency */,
			);
			name = Repo1TestUITests;
			productName = Repo1TestUITests;
			productReference = 576749F31F265B4300306B35 /* Repo1TestUITests.xctest */;
			productType = "com.apple.product-type.bundle.ui-testing";
		};
/* End PBXNativeTarget section */

/* Begin PBXProject section */
		576749CC1F265B4300306B35 /* Project object */ = {
			isa = PBXProject;
			attributes = {
				LastSwiftUpdateCheck = 0900;
				LastUpgradeCheck = 0900;
				ORGANIZATIONNAME = "BhupinderJit Bais";
				TargetAttributes = {
					576749D31F265B4300306B35 = {
						CreatedOnToolsVersion = 9.0;
					};
					576749E71F265B4300306B35 = {
						CreatedOnToolsVersion = 9.0;
						TestTargetID = 576749D31F265B4300306B35;
					};
					576749F21F265B4300306B35 = {
						CreatedOnToolsVersion = 9.0;
						TestTargetID = 576749D31F265B4300306B35;
					};
				};
			};
			buildConfigurationList = 576749CF1F265B4300306B35 /* Build configuration list for PBXProject "Repo1Test" */;
			compatibilityVersion = "Xcode 8.0";
			developmentRegion = en;
			hasScannedForEncodings = 0;
			knownRegions = (
				en,
				Base,
			);
			mainGroup = 576749CB1F265B4300306B35;
			productRefGroup = 576749D51F265B4300306B35 /* Products */;
			projectDirPath = "";
			projectRoot = "";
			targets = (
				576749D31F265B4300306B35 /* Repo1Test */,
				576749E71F265B4300306B35 /* Repo1TestTests */,
				576749F21F265B4300306B35 /* Repo1TestUITests */,
			);
		};
/* End PBXProject section */

/* Begin PBXResourcesBuildPhase section */
		576749D21F265B4300306B35 /* Resources */ = {
			isa = PBXResourcesBuildPhase;
			buildActionMask = 2147483647;
			files = (
				576749E21F265B4300306B35 /* LaunchScreen.storyboard in Resources */,
				576749DF1F265B4300306B35 /* Assets.xcassets in Resources */,
				576749DD1F265B4300306B35 /* Main.storyboard in Resources */,
			);
			runOnlyForDeploymentPostprocessing = 0;
		};
		576749E61F265B4300306B35 /* Resources */ = {
			isa = PBXResourcesBuildPhase;
			buildActionMask = 2147483647;
			files = (
			);
			runOnlyForDeploymentPostprocessing = 0;
		};
		576749F11F265B4300306B35 /* Resources */ = {
			isa = PBXResourcesBuildPhase;
			buildActionMask = 2147483647;
			files = (
			);
			runOnlyForDeploymentPostprocessing = 0;
		};
/* End PBXResourcesBuildPhase section */

/* Begin PBXSourcesBuildPhase section */
		576749D01F265B4300306B35 /* Sources */ = {
			isa = PBXSourcesBuildPhase;
			buildActionMask = 2147483647;
			files = (
				576749DA1F265B4300306B35 /* ViewController.swift in Sources */,
				576749D81F265B4300306B35 /* AppDelegate.swift in Sources */,
			);
			runOnlyForDeploymentPostprocessing = 0;
		};
		576749E41F265B4300306B35 /* Sources */ = {
			isa = PBXSourcesBuildPhase;
			buildActionMask = 2147483647;
			files = (
				576749ED1F265B4300306B35 /* Repo1TestTests.swift in Sources */,
			);
			runOnlyForDeploymentPostprocessing = 0;
		};
		576749EF1F265B4300306B35 /* Sources */ = {
			isa = PBXSourcesBuildPhase;
			buildActionMask = 2147483647;
			files = (
				576749F81F265B4300306B35 /* Repo1TestUITests.swift in Sources */,
			);
			runOnlyForDeploymentPostprocessing = 0;
		};
/* End PBXSourcesBuildPhase section */

/* Begin PBXTargetDependency section */
		576749EA1F265B4300306B35 /* PBXTargetDependency */ = {
			isa = PBXTargetDependency;
			target = 576749D31F265B4300306B35 /* Repo1Test */;
			targetProxy = 576749E91F265B4300306B35 /* PBXContainerItemProxy */;
		};
		576749F51F265B4300306B35 /* PBXTargetDependency */ = {
			isa = PBXTargetDependency;
			target = 576749D31F265B4300306B35 /* Repo1Test */;
			targetProxy = 576749F41F265B4300306B35 /* PBXContainerItemProxy */;
		};
/* End PBXTargetDependency section */

/* Begin PBXVariantGroup section */
		576749DB1F265B4300306B35 /* Main.storyboard */ = {
			isa = PBXVariantGroup;
			children = (
				576749DC1F265B4300306B35 /* Base */,
			);
			name = Main.storyboard;
			sourceTree = "<group>";
		};
		576749E01F265B4300306B35 /* LaunchScreen.storyboard */ = {
			isa = PBXVariantGroup;
			children = (
				576749E11F265B4300306B35 /* Base */,
			);
			name = LaunchScreen.storyboard;
			sourceTree = "<group>";
		};
/* End PBXVariantGroup section */

/* Begin XCBuildConfiguration section */
		576749FA1F265B4300306B35 /* Debug */ = {
			isa = XCBuildConfiguration;
			buildSettings = {
				ALWAYS_SEARCH_USER_PATHS = NO;
				CLANG_ANALYZER_NONNULL = YES;
				CLANG_ANALYZER_NUMBER_OBJECT_CONVERSION = YES_AGGRESSIVE;
				CLANG_CXX_LANGUAGE_STANDARD = "gnu++14";
				CLANG_CXX_LIBRARY = "libc++";
				CLANG_ENABLE_MODULES = YES;
				CLANG_ENABLE_OBJC_ARC = YES;
				CLANG_WARN_BLOCK_CAPTURE_AUTORELEASING = YES;
				CLANG_WARN_BOOL_CONVERSION = YES;
				CLANG_WARN_COMMA = YES;
				CLANG_WARN_CONSTANT_CONVERSION = YES;
				CLANG_WARN_DIRECT_OBJC_ISA_USAGE = YES_ERROR;
				CLANG_WARN_DOCUMENTATION_COMMENTS = YES;
				CLANG_WARN_EMPTY_BODY = YES;
				CLANG_WARN_ENUM_CONVERSION = YES;
				CLANG_WARN_INFINITE_RECURSION = YES;
				CLANG_WARN_INT_CONVERSION = YES;
				CLANG_WARN_OBJC_ROOT_CLASS = YES_ERROR;
				CLANG_WARN_RANGE_LOOP_ANALYSIS = YES;
				CLANG_WARN_STRICT_PROTOTYPES = YES;
				CLANG_WARN_SUSPICIOUS_MOVE = YES;
				CLANG_WARN_UNGUARDED_AVAILABILITY = YES_AGGRESSIVE;
				CLANG_WARN_UNREACHABLE_CODE = YES;
				CLANG_WARN__DUPLICATE_METHOD_MATCH = YES;
				CODE_SIGN_IDENTITY = "iPhone Developer";
				COPY_PHASE_STRIP = NO;
				DEBUG_INFORMATION_FORMAT = dwarf;
				ENABLE_STRICT_OBJC_MSGSEND = YES;
				ENABLE_TESTABILITY = YES;
				GCC_C_LANGUAGE_STANDARD = gnu11;
				GCC_DYNAMIC_NO_PIC = NO;
				GCC_NO_COMMON_BLOCKS = YES;
				GCC_OPTIMIZATION_LEVEL = 0;
				GCC_PREPROCESSOR_DEFINITIONS = (
					"DEBUG=1",
					"$(inherited)",
				);
				GCC_WARN_64_TO_32_BIT_CONVERSION = YES;
				GCC_WARN_ABOUT_RETURN_TYPE = YES_ERROR;
				GCC_WARN_UNDECLARED_SELECTOR = YES;
				GCC_WARN_UNINITIALIZED_AUTOS = YES_AGGRESSIVE;
				GCC_WARN_UNUSED_FUNCTION = YES;
				GCC_WARN_UNUSED_VARIABLE = YES;
				IPHONEOS_DEPLOYMENT_TARGET = 11.0;
				MTL_ENABLE_DEBUG_INFO = YES;
				ONLY_ACTIVE_ARCH = YES;
				SDKROOT = iphoneos;
				SWIFT_ACTIVE_COMPILATION_CONDITIONS = DEBUG;
				SWIFT_OPTIMIZATION_LEVEL = "-Onone";
			};
			name = Debug;
		};
		576749FB1F265B4300306B35 /* Release */ = {
			isa = XCBuildConfiguration;
			buildSettings = {
				ALWAYS_SEARCH_USER_PATHS = NO;
				CLANG_ANALYZER_NONNULL = YES;
				CLANG_ANALYZER_NUMBER_OBJECT_CONVERSION = YES_AGGRESSIVE;
				CLANG_CXX_LANGUAGE_STANDARD = "gnu++14";
				CLANG_CXX_LIBRARY = "libc++";
				CLANG_ENABLE_MODULES = YES;
				CLANG_ENABLE_OBJC_ARC = YES;
				CLANG_WARN_BLOCK_CAPTURE_AUTORELEASING = YES;
				CLANG_WARN_BOOL_CONVERSION = YES;
				CLANG_WARN_COMMA = YES;
				CLANG_WARN_CONSTANT_CONVERSION = YES;
				CLANG_WARN_DIRECT_OBJC_ISA_USAGE = YES_ERROR;
				CLANG_WARN_DOCUMENTATION_COMMENTS = YES;
				CLANG_WARN_EMPTY_BODY = YES;
				CLANG_WARN_ENUM_CONVERSION = YES;
				CLANG_WARN_INFINITE_RECURSION = YES;
				CLANG_WARN_INT_CONVERSION = YES;
				CLANG_WARN_OBJC_ROOT_CLASS = YES_ERROR;
				CLANG_WARN_RANGE_LOOP_ANALYSIS = YES;
				CLANG_WARN_STRICT_PROTOTYPES = YES;
				CLANG_WARN_SUSPICIOUS_MOVE = YES;
				CLANG_WARN_UNGUARDED_AVAILABILITY = YES_AGGRESSIVE;
				CLANG_WARN_UNREACHABLE_CODE = YES;
				CLANG_WARN__DUPLICATE_METHOD_MATCH = YES;
				CODE_SIGN_IDENTITY = "iPhone Developer";
				COPY_PHASE_STRIP = NO;
				DEBUG_INFORMATION_FORMAT = "dwarf-with-dsym";
				ENABLE_NS_ASSERTIONS = NO;
				ENABLE_STRICT_OBJC_MSGSEND = YES;
				GCC_C_LANGUAGE_STANDARD = gnu11;
				GCC_NO_COMMON_BLOCKS = YES;
				GCC_WARN_64_TO_32_BIT_CONVERSION = YES;
				GCC_WARN_ABOUT_RETURN_TYPE = YES_ERROR;
				GCC_WARN_UNDECLARED_SELECTOR = YES;
				GCC_WARN_UNINITIALIZED_AUTOS = YES_AGGRESSIVE;
				GCC_WARN_UNUSED_FUNCTION = YES;
				GCC_WARN_UNUSED_VARIABLE = YES;
				IPHONEOS_DEPLOYMENT_TARGET = 11.0;
				MTL_ENABLE_DEBUG_INFO = NO;
				SDKROOT = iphoneos;
				SWIFT_OPTIMIZATION_LEVEL = "-Owholemodule";
				VALIDATE_PRODUCT = YES;
			};
			name = Release;
		};
		576749FD1F265B4300306B35 /* Debug */ = {
			isa = XCBuildConfiguration;
			buildSettings = {
				ASSETCATALOG_COMPILER_APPICON_NAME = AppIcon;
				INFOPLIST_FILE = Repo1Test/Info.plist;
				LD_RUNPATH_SEARCH_PATHS = "$(inherited) @executable_path/Frameworks";
				PRODUCT_BUNDLE_IDENTIFIER = com.bjbais.Repo1Test;
				PRODUCT_NAME = "$(TARGET_NAME)";
				SWIFT_VERSION = 4.0;
				TARGETED_DEVICE_FAMILY = "1,2";
			};
			name = Debug;
		};
		576749FE1F265B4300306B35 /* Release */ = {
			isa = XCBuildConfiguration;
			buildSettings = {
				ASSETCATALOG_COMPILER_APPICON_NAME = AppIcon;
				INFOPLIST_FILE = Repo1Test/Info.plist;
				LD_RUNPATH_SEARCH_PATHS = "$(inherited) @executable_path/Frameworks";
				PRODUCT_BUNDLE_IDENTIFIER = com.bjbais.Repo1Test;
				PRODUCT_NAME = "$(TARGET_NAME)";
				SWIFT_VERSION = 4.0;
				TARGETED_DEVICE_FAMILY = "1,2";
			};
			name = Release;
		};
		57674A001F265B4300306B35 /* Debug */ = {
			isa = XCBuildConfiguration;
			buildSettings = {
				ALWAYS_EMBED_SWIFT_STANDARD_LIBRARIES = YES;
				BUNDLE_LOADER = "$(TEST_HOST)";
				INFOPLIST_FILE = Repo1TestTests/Info.plist;
				LD_RUNPATH_SEARCH_PATHS = "$(inherited) @executable_path/Frameworks @loader_path/Frameworks";
				PRODUCT_BUNDLE_IDENTIFIER = com.bjbais.Repo1TestTests;
				PRODUCT_NAME = "$(TARGET_NAME)";
				SWIFT_VERSION = 4.0;
				TARGETED_DEVICE_FAMILY = "1,2";
				TEST_HOST = "$(BUILT_PRODUCTS_DIR)/Repo1Test.app/Repo1Test";
			};
			name = Debug;
		};
		57674A011F265B4300306B35 /* Release */ = {
			isa = XCBuildConfiguration;
			buildSettings = {
				ALWAYS_EMBED_SWIFT_STANDARD_LIBRARIES = YES;
				BUNDLE_LOADER = "$(TEST_HOST)";
				INFOPLIST_FILE = Repo1TestTests/Info.plist;
				LD_RUNPATH_SEARCH_PATHS = "$(inherited) @executable_path/Frameworks @loader_path/Frameworks";
				PRODUCT_BUNDLE_IDENTIFIER = com.bjbais.Repo1TestTests;
				PRODUCT_NAME = "$(TARGET_NAME)";
				SWIFT_VERSION = 4.0;
				TARGETED_DEVICE_FAMILY = "1,2";
				TEST_HOST = "$(BUILT_PRODUCTS_DIR)/Repo1Test.app/Repo1Test";
			};
			name = Release;
		};
		57674A031F265B4300306B35 /* Debug */ = {
			isa = XCBuildConfiguration;
			buildSettings = {
				ALWAYS_EMBED_SWIFT_STANDARD_LIBRARIES = YES;
				INFOPLIST_FILE = Repo1TestUITests/Info.plist;
				LD_RUNPATH_SEARCH_PATHS = "$(inherited) @executable_path/Frameworks @loader_path/Frameworks";
				PRODUCT_BUNDLE_IDENTIFIER = com.bjbais.Repo1TestUITests;
				PRODUCT_NAME = "$(TARGET_NAME)";
				SWIFT_VERSION = 4.0;
				TARGETED_DEVICE_FAMILY = "1,2";
				TEST_TARGET_NAME = Repo1Test;
			};
			name = Debug;
		};
		57674A041F265B4300306B35 /* Release */ = {
			isa = XCBuildConfiguration;
			buildSettings = {
				ALWAYS_EMBED_SWIFT_STANDARD_LIBRARIES = YES;
				INFOPLIST_FILE = Repo1TestUITests/Info.plist;
				LD_RUNPATH_SEARCH_PATHS = "$(inherited) @executable_path/Frameworks @loader_path/Frameworks";
				PRODUCT_BUNDLE_IDENTIFIER = com.bjbais.Repo1TestUITests;
				PRODUCT_NAME = "$(TARGET_NAME)";
				SWIFT_VERSION = 4.0;
				TARGETED_DEVICE_FAMILY = "1,2";
				TEST_TARGET_NAME = Repo1Test;
			};
			name = Release;
		};
/* End XCBuildConfiguration section */

/* Begin XCConfigurationList section */
		576749CF1F265B4300306B35 /* Build configuration list for PBXProject "Repo1Test" */ = {
			isa = XCConfigurationList;
			buildConfigurations = (
				576749FA1F265B4300306B35 /* Debug */,
				576749FB1F265B4300306B35 /* Release */,
			);
			defaultConfigurationIsVisible = 0;
			defaultConfigurationName = Release;
		};
		576749FC1F265B4300306B35 /* Build configuration list for PBXNativeTarget "Repo1Test" */ = {
			isa = XCConfigurationList;
			buildConfigurations = (
				576749FD1F265B4300306B35 /* Debug */,
				576749FE1F265B4300306B35 /* Release */,
			);
			defaultConfigurationIsVisible = 0;
		};
		576749FF1F265B4300306B35 /* Build configuration list for PBXNativeTarget "Repo1TestTests" */ = {
			isa = XCConfigurationList;
			buildConfigurations = (
				57674A001F265B4300306B35 /* Debug */,
				57674A011F265B4300306B35 /* Release */,
			);
			defaultConfigurationIsVisible = 0;
		};
		57674A021F265B4300306B35 /* Build configuration list for PBXNativeTarget "Repo1TestUITests" */ = {
			isa = XCConfigurationList;
			buildConfigurations = (
				57674A031F265B4300306B35 /* Debug */,
				57674A041F265B4300306B35 /* Release */,
			);
			defaultConfigurationIsVisible = 0;
		};
/* End XCConfigurationList section */
	};
	rootObject = 576749CC1F265B4300306B35 /* Project object */;
}
